// !$*UTF8*$!
{
	archiveVersion = 1;
	classes = {
	};
	objectVersion = 46;
	objects = {

/* Begin PBXBuildFile section */
		09A66EC116D4B205000851C0 /* TrafficCamPickerViewController.m in Sources */ = {isa = PBXBuildFile; fileRef = 09A66EC016D4B205000851C0 /* TrafficCamPickerViewController.m */; };
		09A66EC916D4BDC9000851C0 /* camera.jpeg in Resources */ = {isa = PBXBuildFile; fileRef = 09A66EC816D4BDC9000851C0 /* camera.jpeg */; };
		09A66ECD16D4E78E000851C0 /* IAInfiniteGridView.m in Sources */ = {isa = PBXBuildFile; fileRef = 09A66ECC16D4E78E000851C0 /* IAInfiniteGridView.m */; };
		A390C10416D48A4D00A2CF1B /* UIKit.framework in Frameworks */ = {isa = PBXBuildFile; fileRef = A390C10316D48A4D00A2CF1B /* UIKit.framework */; };
		A390C10616D48A4D00A2CF1B /* Foundation.framework in Frameworks */ = {isa = PBXBuildFile; fileRef = A390C10516D48A4D00A2CF1B /* Foundation.framework */; };
		A390C10816D48A4D00A2CF1B /* CoreGraphics.framework in Frameworks */ = {isa = PBXBuildFile; fileRef = A390C10716D48A4D00A2CF1B /* CoreGraphics.framework */; };
		A390C10E16D48A4D00A2CF1B /* InfoPlist.strings in Resources */ = {isa = PBXBuildFile; fileRef = A390C10C16D48A4D00A2CF1B /* InfoPlist.strings */; };
		A390C11016D48A4D00A2CF1B /* main.m in Sources */ = {isa = PBXBuildFile; fileRef = A390C10F16D48A4D00A2CF1B /* main.m */; };
		A390C11416D48A4D00A2CF1B /* AppDelegate.m in Sources */ = {isa = PBXBuildFile; fileRef = A390C11316D48A4D00A2CF1B /* AppDelegate.m */; };
		A390C11616D48A4D00A2CF1B /* Default.png in Resources */ = {isa = PBXBuildFile; fileRef = A390C11516D48A4D00A2CF1B /* Default.png */; };
		A390C11816D48A4D00A2CF1B /* Default@2x.png in Resources */ = {isa = PBXBuildFile; fileRef = A390C11716D48A4D00A2CF1B /* Default@2x.png */; };
		A390C11A16D48A4D00A2CF1B /* Default-568h@2x.png in Resources */ = {isa = PBXBuildFile; fileRef = A390C11916D48A4D00A2CF1B /* Default-568h@2x.png */; };
		A390C12716D49C6E00A2CF1B /* Main.storyboard in Resources */ = {isa = PBXBuildFile; fileRef = A390C12616D49C6E00A2CF1B /* Main.storyboard */; };
		A390C12A16D49D8D00A2CF1B /* MainNavigationViewController.m in Sources */ = {isa = PBXBuildFile; fileRef = A390C12916D49D8D00A2CF1B /* MainNavigationViewController.m */; };
		A390C14616D49E4900A2CF1B /* UIColor+Hex.m in Sources */ = {isa = PBXBuildFile; fileRef = A390C13116D49E4900A2CF1B /* UIColor+Hex.m */; };
		A390C14716D49E4900A2CF1B /* UIView+InnerShadow.m in Sources */ = {isa = PBXBuildFile; fileRef = A390C13316D49E4900A2CF1B /* UIView+InnerShadow.m */; };
		A390C14816D49E4900A2CF1B /* UIView+Positioning.m in Sources */ = {isa = PBXBuildFile; fileRef = A390C13516D49E4900A2CF1B /* UIView+Positioning.m */; };
		A390C14916D49E4900A2CF1B /* UIView+Size.m in Sources */ = {isa = PBXBuildFile; fileRef = A390C13716D49E4900A2CF1B /* UIView+Size.m */; };
		A390C14A16D49E4900A2CF1B /* JMSelectionView.m in Sources */ = {isa = PBXBuildFile; fileRef = A390C13A16D49E4900A2CF1B /* JMSelectionView.m */; settings = {COMPILER_FLAGS = "-fno-objc-arc"; }; };
		A390C14B16D49E4900A2CF1B /* JMTabContainer.m in Sources */ = {isa = PBXBuildFile; fileRef = A390C13D16D49E4900A2CF1B /* JMTabContainer.m */; settings = {COMPILER_FLAGS = "-fno-objc-arc"; }; };
		A390C14C16D49E4900A2CF1B /* JMTabItem.m in Sources */ = {isa = PBXBuildFile; fileRef = A390C13F16D49E4900A2CF1B /* JMTabItem.m */; settings = {COMPILER_FLAGS = "-fno-objc-arc"; }; };
		A390C14D16D49E4900A2CF1B /* JMTabView.m in Sources */ = {isa = PBXBuildFile; fileRef = A390C14116D49E4900A2CF1B /* JMTabView.m */; settings = {COMPILER_FLAGS = "-fno-objc-arc"; }; };
		A390C14E16D49E4900A2CF1B /* BarBackgroundLayer.m in Sources */ = {isa = PBXBuildFile; fileRef = A390C14416D49E4900A2CF1B /* BarBackgroundLayer.m */; settings = {COMPILER_FLAGS = "-fno-objc-arc"; }; };
		A390C15116D49EEB00A2CF1B /* NavigationTabItem.m in Sources */ = {isa = PBXBuildFile; fileRef = A390C15016D49EEB00A2CF1B /* NavigationTabItem.m */; };
		A390C15316D49F8800A2CF1B /* QuartzCore.framework in Frameworks */ = {isa = PBXBuildFile; fileRef = A390C15216D49F8800A2CF1B /* QuartzCore.framework */; };
		A390C15816D4A01400A2CF1B /* NavigationBackgroundLayer.m in Sources */ = {isa = PBXBuildFile; fileRef = A390C15516D4A01400A2CF1B /* NavigationBackgroundLayer.m */; };
		A390C15916D4A01400A2CF1B /* NavigationSelectionView.m in Sources */ = {isa = PBXBuildFile; fileRef = A390C15716D4A01400A2CF1B /* NavigationSelectionView.m */; };
		A3B9907116D5229800F614A4 /* NSData+MKBase64.m in Sources */ = {isa = PBXBuildFile; fileRef = A3B9905D16D5229800F614A4 /* NSData+MKBase64.m */; };
		A3B9907216D5229800F614A4 /* NSDate+RFC1123.m in Sources */ = {isa = PBXBuildFile; fileRef = A3B9905F16D5229800F614A4 /* NSDate+RFC1123.m */; };
		A3B9907316D5229800F614A4 /* NSDictionary+RequestEncoding.m in Sources */ = {isa = PBXBuildFile; fileRef = A3B9906116D5229800F614A4 /* NSDictionary+RequestEncoding.m */; };
		A3B9907416D5229800F614A4 /* NSString+MKNetworkKitAdditions.m in Sources */ = {isa = PBXBuildFile; fileRef = A3B9906316D5229800F614A4 /* NSString+MKNetworkKitAdditions.m */; };
		A3B9907516D5229800F614A4 /* UIAlertView+MKNetworkKitAdditions.m in Sources */ = {isa = PBXBuildFile; fileRef = A3B9906516D5229800F614A4 /* UIAlertView+MKNetworkKitAdditions.m */; };
		A3B9907716D5229800F614A4 /* MKNetworkEngine.m in Sources */ = {isa = PBXBuildFile; fileRef = A3B9906916D5229800F614A4 /* MKNetworkEngine.m */; };
		A3B9907816D5229800F614A4 /* MKNetworkOperation.m in Sources */ = {isa = PBXBuildFile; fileRef = A3B9906C16D5229800F614A4 /* MKNetworkOperation.m */; };
		A3B9907916D5229800F614A4 /* Reachability.m in Sources */ = {isa = PBXBuildFile; fileRef = A3B9906F16D5229800F614A4 /* Reachability.m */; };
		A3B9907B16D523D500F614A4 /* SystemConfiguration.framework in Frameworks */ = {isa = PBXBuildFile; fileRef = A3B9907A16D523D500F614A4 /* SystemConfiguration.framework */; };
		A3B9907D16D523DE00F614A4 /* CFNetwork.framework in Frameworks */ = {isa = PBXBuildFile; fileRef = A3B9907C16D523DE00F614A4 /* CFNetwork.framework */; };
		A3B9907F16D5244600F614A4 /* Security.framework in Frameworks */ = {isa = PBXBuildFile; fileRef = A3B9907E16D5244600F614A4 /* Security.framework */; };
		A3B9908316D5269500F614A4 /* RouteViewRemote.m in Sources */ = {isa = PBXBuildFile; fileRef = A3B9908216D5269500F614A4 /* RouteViewRemote.m */; };
		A3B9908616D5283C00F614A4 /* Constants.m in Sources */ = {isa = PBXBuildFile; fileRef = A3B9908516D5283C00F614A4 /* Constants.m */; };
		A3B9908916D52D4100F614A4 /* 55-network.png in Resources */ = {isa = PBXBuildFile; fileRef = A3B9908716D52D4100F614A4 /* 55-network.png */; };
		A3B9908A16D52D4100F614A4 /* 55-network@2x.png in Resources */ = {isa = PBXBuildFile; fileRef = A3B9908816D52D4100F614A4 /* 55-network@2x.png */; };
		A3B9908D16D52D6B00F614A4 /* 07-map-marker.png in Resources */ = {isa = PBXBuildFile; fileRef = A3B9908B16D52D6B00F614A4 /* 07-map-marker.png */; };
		A3B9908E16D52D6B00F614A4 /* 07-map-marker@2x.png in Resources */ = {isa = PBXBuildFile; fileRef = A3B9908C16D52D6B00F614A4 /* 07-map-marker@2x.png */; };
		A3B9909116D52DA600F614A4 /* 74-location.png in Resources */ = {isa = PBXBuildFile; fileRef = A3B9908F16D52DA600F614A4 /* 74-location.png */; };
		A3B9909216D52DA600F614A4 /* 74-location@2x.png in Resources */ = {isa = PBXBuildFile; fileRef = A3B9909016D52DA600F614A4 /* 74-location@2x.png */; };
		A3B9909616D52F1100F614A4 /* RegionsTableModel.m in Sources */ = {isa = PBXBuildFile; fileRef = A3B9909516D52F1100F614A4 /* RegionsTableModel.m */; };
		A3B9909E16D5385300F614A4 /* NiftySearchView.m in Sources */ = {isa = PBXBuildFile; fileRef = A3B9909916D5385300F614A4 /* NiftySearchView.m */; };
		A3B9909F16D5385300F614A4 /* UISearchBarBookmarks.png in Resources */ = {isa = PBXBuildFile; fileRef = A3B9909A16D5385300F614A4 /* UISearchBarBookmarks.png */; };
		A3B990A016D5385300F614A4 /* UISearchBarBookmarks@2x.png in Resources */ = {isa = PBXBuildFile; fileRef = A3B9909B16D5385300F614A4 /* UISearchBarBookmarks@2x.png */; };
		A3B990A116D5385300F614A4 /* UISearchBarBookmarksPressed.png in Resources */ = {isa = PBXBuildFile; fileRef = A3B9909C16D5385300F614A4 /* UISearchBarBookmarksPressed.png */; };
		A3B990A216D5385300F614A4 /* UISearchBarBookmarksPressed@2x.png in Resources */ = {isa = PBXBuildFile; fileRef = A3B9909D16D5385300F614A4 /* UISearchBarBookmarksPressed@2x.png */; };
		A3B990A616D5389E00F614A4 /* RouteViewController.m in Sources */ = {isa = PBXBuildFile; fileRef = A3B990A516D5389E00F614A4 /* RouteViewController.m */; };
		A3B990A916D53AF900F614A4 /* RegionsViewController.m in Sources */ = {isa = PBXBuildFile; fileRef = A3B990A816D53AF900F614A4 /* RegionsViewController.m */; };
		A3B990AD16D5462300F614A4 /* CamsViewController.m in Sources */ = {isa = PBXBuildFile; fileRef = A3B990AC16D5462300F614A4 /* CamsViewController.m */; };
		A3B990B016D546B700F614A4 /* CamsCollectionModel.m in Sources */ = {isa = PBXBuildFile; fileRef = A3B990AF16D546B700F614A4 /* CamsCollectionModel.m */; };
		A3B990B216D549DE00F614A4 /* CamListingViewCell.xib in Resources */ = {isa = PBXBuildFile; fileRef = A3B990B116D549DE00F614A4 /* CamListingViewCell.xib */; };
		A3B990B516D54A3A00F614A4 /* CamListingViewCell.m in Sources */ = {isa = PBXBuildFile; fileRef = A3B990B416D54A3900F614A4 /* CamListingViewCell.m */; };
/* End PBXBuildFile section */

/* Begin PBXFileReference section */
		09A66EBF16D4B205000851C0 /* TrafficCamPickerViewController.h */ = {isa = PBXFileReference; fileEncoding = 4; lastKnownFileType = sourcecode.c.h; name = TrafficCamPickerViewController.h; path = UI/TrafficCamPickerViewController.h; sourceTree = "<group>"; };
		09A66EC016D4B205000851C0 /* TrafficCamPickerViewController.m */ = {isa = PBXFileReference; fileEncoding = 4; lastKnownFileType = sourcecode.c.objc; name = TrafficCamPickerViewController.m; path = UI/TrafficCamPickerViewController.m; sourceTree = "<group>"; };
		09A66EC816D4BDC9000851C0 /* camera.jpeg */ = {isa = PBXFileReference; lastKnownFileType = image.jpeg; path = camera.jpeg; sourceTree = "<group>"; };
		09A66ECB16D4E78E000851C0 /* IAInfiniteGridView.h */ = {isa = PBXFileReference; fileEncoding = 4; lastKnownFileType = sourcecode.c.h; path = IAInfiniteGridView.h; sourceTree = "<group>"; };
		09A66ECC16D4E78E000851C0 /* IAInfiniteGridView.m */ = {isa = PBXFileReference; fileEncoding = 4; lastKnownFileType = sourcecode.c.objc; path = IAInfiniteGridView.m; sourceTree = "<group>"; };
		A390C10016D48A4D00A2CF1B /* RouteView.app */ = {isa = PBXFileReference; explicitFileType = wrapper.application; includeInIndex = 0; path = RouteView.app; sourceTree = BUILT_PRODUCTS_DIR; };
		A390C10316D48A4D00A2CF1B /* UIKit.framework */ = {isa = PBXFileReference; lastKnownFileType = wrapper.framework; name = UIKit.framework; path = System/Library/Frameworks/UIKit.framework; sourceTree = SDKROOT; };
		A390C10516D48A4D00A2CF1B /* Foundation.framework */ = {isa = PBXFileReference; lastKnownFileType = wrapper.framework; name = Foundation.framework; path = System/Library/Frameworks/Foundation.framework; sourceTree = SDKROOT; };
		A390C10716D48A4D00A2CF1B /* CoreGraphics.framework */ = {isa = PBXFileReference; lastKnownFileType = wrapper.framework; name = CoreGraphics.framework; path = System/Library/Frameworks/CoreGraphics.framework; sourceTree = SDKROOT; };
		A390C10B16D48A4D00A2CF1B /* RouteView-Info.plist */ = {isa = PBXFileReference; lastKnownFileType = text.plist.xml; path = "RouteView-Info.plist"; sourceTree = "<group>"; };
		A390C10D16D48A4D00A2CF1B /* en */ = {isa = PBXFileReference; lastKnownFileType = text.plist.strings; name = en; path = en.lproj/InfoPlist.strings; sourceTree = "<group>"; };
		A390C10F16D48A4D00A2CF1B /* main.m */ = {isa = PBXFileReference; lastKnownFileType = sourcecode.c.objc; path = main.m; sourceTree = "<group>"; };
		A390C11116D48A4D00A2CF1B /* RouteView-Prefix.pch */ = {isa = PBXFileReference; lastKnownFileType = sourcecode.c.h; path = "RouteView-Prefix.pch"; sourceTree = "<group>"; };
		A390C11216D48A4D00A2CF1B /* AppDelegate.h */ = {isa = PBXFileReference; lastKnownFileType = sourcecode.c.h; path = AppDelegate.h; sourceTree = "<group>"; };
		A390C11316D48A4D00A2CF1B /* AppDelegate.m */ = {isa = PBXFileReference; lastKnownFileType = sourcecode.c.objc; path = AppDelegate.m; sourceTree = "<group>"; };
		A390C11516D48A4D00A2CF1B /* Default.png */ = {isa = PBXFileReference; lastKnownFileType = image.png; path = Default.png; sourceTree = "<group>"; };
		A390C11716D48A4D00A2CF1B /* Default@2x.png */ = {isa = PBXFileReference; lastKnownFileType = image.png; path = "Default@2x.png"; sourceTree = "<group>"; };
		A390C11916D48A4D00A2CF1B /* Default-568h@2x.png */ = {isa = PBXFileReference; lastKnownFileType = image.png; path = "Default-568h@2x.png"; sourceTree = "<group>"; };
		A390C12616D49C6E00A2CF1B /* Main.storyboard */ = {isa = PBXFileReference; fileEncoding = 4; lastKnownFileType = file.storyboard; name = Main.storyboard; path = UI/Main.storyboard; sourceTree = "<group>"; };
		A390C12816D49D8D00A2CF1B /* MainNavigationViewController.h */ = {isa = PBXFileReference; fileEncoding = 4; lastKnownFileType = sourcecode.c.h; name = MainNavigationViewController.h; path = UI/MainNavigationViewController.h; sourceTree = "<group>"; };
		A390C12916D49D8D00A2CF1B /* MainNavigationViewController.m */ = {isa = PBXFileReference; fileEncoding = 4; lastKnownFileType = sourcecode.c.objc; name = MainNavigationViewController.m; path = UI/MainNavigationViewController.m; sourceTree = "<group>"; };
		A390C13016D49E4900A2CF1B /* UIColor+Hex.h */ = {isa = PBXFileReference; fileEncoding = 4; lastKnownFileType = sourcecode.c.h; path = "UIColor+Hex.h"; sourceTree = "<group>"; };
		A390C13116D49E4900A2CF1B /* UIColor+Hex.m */ = {isa = PBXFileReference; fileEncoding = 4; lastKnownFileType = sourcecode.c.objc; path = "UIColor+Hex.m"; sourceTree = "<group>"; };
		A390C13216D49E4900A2CF1B /* UIView+InnerShadow.h */ = {isa = PBXFileReference; fileEncoding = 4; lastKnownFileType = sourcecode.c.h; path = "UIView+InnerShadow.h"; sourceTree = "<group>"; };
		A390C13316D49E4900A2CF1B /* UIView+InnerShadow.m */ = {isa = PBXFileReference; fileEncoding = 4; lastKnownFileType = sourcecode.c.objc; path = "UIView+InnerShadow.m"; sourceTree = "<group>"; };
		A390C13416D49E4900A2CF1B /* UIView+Positioning.h */ = {isa = PBXFileReference; fileEncoding = 4; lastKnownFileType = sourcecode.c.h; path = "UIView+Positioning.h"; sourceTree = "<group>"; };
		A390C13516D49E4900A2CF1B /* UIView+Positioning.m */ = {isa = PBXFileReference; fileEncoding = 4; lastKnownFileType = sourcecode.c.objc; path = "UIView+Positioning.m"; sourceTree = "<group>"; };
		A390C13616D49E4900A2CF1B /* UIView+Size.h */ = {isa = PBXFileReference; fileEncoding = 4; lastKnownFileType = sourcecode.c.h; path = "UIView+Size.h"; sourceTree = "<group>"; };
		A390C13716D49E4900A2CF1B /* UIView+Size.m */ = {isa = PBXFileReference; fileEncoding = 4; lastKnownFileType = sourcecode.c.objc; path = "UIView+Size.m"; sourceTree = "<group>"; };
		A390C13916D49E4900A2CF1B /* JMSelectionView.h */ = {isa = PBXFileReference; fileEncoding = 4; lastKnownFileType = sourcecode.c.h; path = JMSelectionView.h; sourceTree = "<group>"; };
		A390C13A16D49E4900A2CF1B /* JMSelectionView.m */ = {isa = PBXFileReference; fileEncoding = 4; lastKnownFileType = sourcecode.c.objc; path = JMSelectionView.m; sourceTree = "<group>"; };
		A390C13B16D49E4900A2CF1B /* JMTabConstants.h */ = {isa = PBXFileReference; fileEncoding = 4; lastKnownFileType = sourcecode.c.h; path = JMTabConstants.h; sourceTree = "<group>"; };
		A390C13C16D49E4900A2CF1B /* JMTabContainer.h */ = {isa = PBXFileReference; fileEncoding = 4; lastKnownFileType = sourcecode.c.h; path = JMTabContainer.h; sourceTree = "<group>"; };
		A390C13D16D49E4900A2CF1B /* JMTabContainer.m */ = {isa = PBXFileReference; fileEncoding = 4; lastKnownFileType = sourcecode.c.objc; path = JMTabContainer.m; sourceTree = "<group>"; };
		A390C13E16D49E4900A2CF1B /* JMTabItem.h */ = {isa = PBXFileReference; fileEncoding = 4; lastKnownFileType = sourcecode.c.h; path = JMTabItem.h; sourceTree = "<group>"; };
		A390C13F16D49E4900A2CF1B /* JMTabItem.m */ = {isa = PBXFileReference; fileEncoding = 4; lastKnownFileType = sourcecode.c.objc; path = JMTabItem.m; sourceTree = "<group>"; };
		A390C14016D49E4900A2CF1B /* JMTabView.h */ = {isa = PBXFileReference; fileEncoding = 4; lastKnownFileType = sourcecode.c.h; path = JMTabView.h; sourceTree = "<group>"; };
		A390C14116D49E4900A2CF1B /* JMTabView.m */ = {isa = PBXFileReference; fileEncoding = 4; lastKnownFileType = sourcecode.c.objc; path = JMTabView.m; sourceTree = "<group>"; };
		A390C14316D49E4900A2CF1B /* BarBackgroundLayer.h */ = {isa = PBXFileReference; fileEncoding = 4; lastKnownFileType = sourcecode.c.h; path = BarBackgroundLayer.h; sourceTree = "<group>"; };
		A390C14416D49E4900A2CF1B /* BarBackgroundLayer.m */ = {isa = PBXFileReference; fileEncoding = 4; lastKnownFileType = sourcecode.c.objc; path = BarBackgroundLayer.m; sourceTree = "<group>"; };
		A390C14516D49E4900A2CF1B /* JMTabView-Prefix.pch */ = {isa = PBXFileReference; fileEncoding = 4; lastKnownFileType = sourcecode.c.h; path = "JMTabView-Prefix.pch"; sourceTree = "<group>"; };
		A390C14F16D49EEB00A2CF1B /* NavigationTabItem.h */ = {isa = PBXFileReference; fileEncoding = 4; lastKnownFileType = sourcecode.c.h; name = NavigationTabItem.h; path = UI/NavigationTabItem.h; sourceTree = "<group>"; };
		A390C15016D49EEB00A2CF1B /* NavigationTabItem.m */ = {isa = PBXFileReference; fileEncoding = 4; lastKnownFileType = sourcecode.c.objc; name = NavigationTabItem.m; path = UI/NavigationTabItem.m; sourceTree = "<group>"; };
		A390C15216D49F8800A2CF1B /* QuartzCore.framework */ = {isa = PBXFileReference; lastKnownFileType = wrapper.framework; name = QuartzCore.framework; path = System/Library/Frameworks/QuartzCore.framework; sourceTree = SDKROOT; };
		A390C15416D4A01400A2CF1B /* NavigationBackgroundLayer.h */ = {isa = PBXFileReference; fileEncoding = 4; lastKnownFileType = sourcecode.c.h; name = NavigationBackgroundLayer.h; path = UI/NavigationBackgroundLayer.h; sourceTree = "<group>"; };
		A390C15516D4A01400A2CF1B /* NavigationBackgroundLayer.m */ = {isa = PBXFileReference; fileEncoding = 4; lastKnownFileType = sourcecode.c.objc; name = NavigationBackgroundLayer.m; path = UI/NavigationBackgroundLayer.m; sourceTree = "<group>"; };
		A390C15616D4A01400A2CF1B /* NavigationSelectionView.h */ = {isa = PBXFileReference; fileEncoding = 4; lastKnownFileType = sourcecode.c.h; name = NavigationSelectionView.h; path = UI/NavigationSelectionView.h; sourceTree = "<group>"; };
		A390C15716D4A01400A2CF1B /* NavigationSelectionView.m */ = {isa = PBXFileReference; fileEncoding = 4; lastKnownFileType = sourcecode.c.objc; name = NavigationSelectionView.m; path = UI/NavigationSelectionView.m; sourceTree = "<group>"; };
		A3B9905C16D5229800F614A4 /* NSData+MKBase64.h */ = {isa = PBXFileReference; fileEncoding = 4; lastKnownFileType = sourcecode.c.h; path = "NSData+MKBase64.h"; sourceTree = "<group>"; };
		A3B9905D16D5229800F614A4 /* NSData+MKBase64.m */ = {isa = PBXFileReference; fileEncoding = 4; lastKnownFileType = sourcecode.c.objc; path = "NSData+MKBase64.m"; sourceTree = "<group>"; };
		A3B9905E16D5229800F614A4 /* NSDate+RFC1123.h */ = {isa = PBXFileReference; fileEncoding = 4; lastKnownFileType = sourcecode.c.h; path = "NSDate+RFC1123.h"; sourceTree = "<group>"; };
		A3B9905F16D5229800F614A4 /* NSDate+RFC1123.m */ = {isa = PBXFileReference; fileEncoding = 4; lastKnownFileType = sourcecode.c.objc; path = "NSDate+RFC1123.m"; sourceTree = "<group>"; };
		A3B9906016D5229800F614A4 /* NSDictionary+RequestEncoding.h */ = {isa = PBXFileReference; fileEncoding = 4; lastKnownFileType = sourcecode.c.h; path = "NSDictionary+RequestEncoding.h"; sourceTree = "<group>"; };
		A3B9906116D5229800F614A4 /* NSDictionary+RequestEncoding.m */ = {isa = PBXFileReference; fileEncoding = 4; lastKnownFileType = sourcecode.c.objc; path = "NSDictionary+RequestEncoding.m"; sourceTree = "<group>"; };
		A3B9906216D5229800F614A4 /* NSString+MKNetworkKitAdditions.h */ = {isa = PBXFileReference; fileEncoding = 4; lastKnownFileType = sourcecode.c.h; path = "NSString+MKNetworkKitAdditions.h"; sourceTree = "<group>"; };
		A3B9906316D5229800F614A4 /* NSString+MKNetworkKitAdditions.m */ = {isa = PBXFileReference; fileEncoding = 4; lastKnownFileType = sourcecode.c.objc; path = "NSString+MKNetworkKitAdditions.m"; sourceTree = "<group>"; };
		A3B9906416D5229800F614A4 /* UIAlertView+MKNetworkKitAdditions.h */ = {isa = PBXFileReference; fileEncoding = 4; lastKnownFileType = sourcecode.c.h; path = "UIAlertView+MKNetworkKitAdditions.h"; sourceTree = "<group>"; };
		A3B9906516D5229800F614A4 /* UIAlertView+MKNetworkKitAdditions.m */ = {isa = PBXFileReference; fileEncoding = 4; lastKnownFileType = sourcecode.c.objc; path = "UIAlertView+MKNetworkKitAdditions.m"; sourceTree = "<group>"; };
		A3B9906816D5229800F614A4 /* MKNetworkEngine.h */ = {isa = PBXFileReference; fileEncoding = 4; lastKnownFileType = sourcecode.c.h; path = MKNetworkEngine.h; sourceTree = "<group>"; };
		A3B9906916D5229800F614A4 /* MKNetworkEngine.m */ = {isa = PBXFileReference; fileEncoding = 4; lastKnownFileType = sourcecode.c.objc; path = MKNetworkEngine.m; sourceTree = "<group>"; };
		A3B9906A16D5229800F614A4 /* MKNetworkKit.h */ = {isa = PBXFileReference; fileEncoding = 4; lastKnownFileType = sourcecode.c.h; path = MKNetworkKit.h; sourceTree = "<group>"; };
		A3B9906B16D5229800F614A4 /* MKNetworkOperation.h */ = {isa = PBXFileReference; fileEncoding = 4; lastKnownFileType = sourcecode.c.h; path = MKNetworkOperation.h; sourceTree = "<group>"; };
		A3B9906C16D5229800F614A4 /* MKNetworkOperation.m */ = {isa = PBXFileReference; fileEncoding = 4; lastKnownFileType = sourcecode.c.objc; path = MKNetworkOperation.m; sourceTree = "<group>"; };
		A3B9906E16D5229800F614A4 /* Reachability.h */ = {isa = PBXFileReference; fileEncoding = 4; lastKnownFileType = sourcecode.c.h; path = Reachability.h; sourceTree = "<group>"; };
		A3B9906F16D5229800F614A4 /* Reachability.m */ = {isa = PBXFileReference; fileEncoding = 4; lastKnownFileType = sourcecode.c.objc; path = Reachability.m; sourceTree = "<group>"; };
		A3B9907A16D523D500F614A4 /* SystemConfiguration.framework */ = {isa = PBXFileReference; lastKnownFileType = wrapper.framework; name = SystemConfiguration.framework; path = System/Library/Frameworks/SystemConfiguration.framework; sourceTree = SDKROOT; };
		A3B9907C16D523DE00F614A4 /* CFNetwork.framework */ = {isa = PBXFileReference; lastKnownFileType = wrapper.framework; name = CFNetwork.framework; path = System/Library/Frameworks/CFNetwork.framework; sourceTree = SDKROOT; };
		A3B9907E16D5244600F614A4 /* Security.framework */ = {isa = PBXFileReference; lastKnownFileType = wrapper.framework; name = Security.framework; path = System/Library/Frameworks/Security.framework; sourceTree = SDKROOT; };
		A3B9908116D5269500F614A4 /* RouteViewRemote.h */ = {isa = PBXFileReference; fileEncoding = 4; lastKnownFileType = sourcecode.c.h; name = RouteViewRemote.h; path = Remote/RouteViewRemote.h; sourceTree = "<group>"; };
		A3B9908216D5269500F614A4 /* RouteViewRemote.m */ = {isa = PBXFileReference; fileEncoding = 4; lastKnownFileType = sourcecode.c.objc; name = RouteViewRemote.m; path = Remote/RouteViewRemote.m; sourceTree = "<group>"; };
		A3B9908416D5283C00F614A4 /* Constants.h */ = {isa = PBXFileReference; fileEncoding = 4; lastKnownFileType = sourcecode.c.h; path = Constants.h; sourceTree = "<group>"; };
		A3B9908516D5283C00F614A4 /* Constants.m */ = {isa = PBXFileReference; fileEncoding = 4; lastKnownFileType = sourcecode.c.objc; path = Constants.m; sourceTree = "<group>"; };
		A3B9908716D52D4100F614A4 /* 55-network.png */ = {isa = PBXFileReference; lastKnownFileType = image.png; name = "55-network.png"; path = "../../../../../Dropbox/iOS/GlyphishPro/icons/icons-gray/55-network.png"; sourceTree = "<group>"; };
		A3B9908816D52D4100F614A4 /* 55-network@2x.png */ = {isa = PBXFileReference; lastKnownFileType = image.png; name = "55-network@2x.png"; path = "../../../../../Dropbox/iOS/GlyphishPro/icons/icons-gray/55-network@2x.png"; sourceTree = "<group>"; };
		A3B9908B16D52D6B00F614A4 /* 07-map-marker.png */ = {isa = PBXFileReference; lastKnownFileType = image.png; name = "07-map-marker.png"; path = "../../../../../Dropbox/iOS/GlyphishPro/icons/icons-gray/07-map-marker.png"; sourceTree = "<group>"; };
		A3B9908C16D52D6B00F614A4 /* 07-map-marker@2x.png */ = {isa = PBXFileReference; lastKnownFileType = image.png; name = "07-map-marker@2x.png"; path = "../../../../../Dropbox/iOS/GlyphishPro/icons/icons-gray/07-map-marker@2x.png"; sourceTree = "<group>"; };
		A3B9908F16D52DA600F614A4 /* 74-location.png */ = {isa = PBXFileReference; lastKnownFileType = image.png; name = "74-location.png"; path = "../../../../../Dropbox/iOS/GlyphishPro/icons/icons-gray/74-location.png"; sourceTree = "<group>"; };
		A3B9909016D52DA600F614A4 /* 74-location@2x.png */ = {isa = PBXFileReference; lastKnownFileType = image.png; name = "74-location@2x.png"; path = "../../../../../Dropbox/iOS/GlyphishPro/icons/icons-gray/74-location@2x.png"; sourceTree = "<group>"; };
		A3B9909416D52F1100F614A4 /* RegionsTableModel.h */ = {isa = PBXFileReference; fileEncoding = 4; lastKnownFileType = sourcecode.c.h; name = RegionsTableModel.h; path = UI/Regions/RegionsTableModel.h; sourceTree = "<group>"; };
		A3B9909516D52F1100F614A4 /* RegionsTableModel.m */ = {isa = PBXFileReference; fileEncoding = 4; lastKnownFileType = sourcecode.c.objc; name = RegionsTableModel.m; path = UI/Regions/RegionsTableModel.m; sourceTree = "<group>"; };
		A3B9909816D5385300F614A4 /* NiftySearchView.h */ = {isa = PBXFileReference; fileEncoding = 4; lastKnownFileType = sourcecode.c.h; path = NiftySearchView.h; sourceTree = "<group>"; };
		A3B9909916D5385300F614A4 /* NiftySearchView.m */ = {isa = PBXFileReference; fileEncoding = 4; lastKnownFileType = sourcecode.c.objc; path = NiftySearchView.m; sourceTree = "<group>"; };
		A3B9909A16D5385300F614A4 /* UISearchBarBookmarks.png */ = {isa = PBXFileReference; lastKnownFileType = image.png; path = UISearchBarBookmarks.png; sourceTree = "<group>"; };
		A3B9909B16D5385300F614A4 /* UISearchBarBookmarks@2x.png */ = {isa = PBXFileReference; lastKnownFileType = image.png; path = "UISearchBarBookmarks@2x.png"; sourceTree = "<group>"; };
		A3B9909C16D5385300F614A4 /* UISearchBarBookmarksPressed.png */ = {isa = PBXFileReference; lastKnownFileType = image.png; path = UISearchBarBookmarksPressed.png; sourceTree = "<group>"; };
		A3B9909D16D5385300F614A4 /* UISearchBarBookmarksPressed@2x.png */ = {isa = PBXFileReference; lastKnownFileType = image.png; path = "UISearchBarBookmarksPressed@2x.png"; sourceTree = "<group>"; };
		A3B990A416D5389E00F614A4 /* RouteViewController.h */ = {isa = PBXFileReference; fileEncoding = 4; lastKnownFileType = sourcecode.c.h; name = RouteViewController.h; path = UI/Route/RouteViewController.h; sourceTree = "<group>"; };
		A3B990A516D5389E00F614A4 /* RouteViewController.m */ = {isa = PBXFileReference; fileEncoding = 4; lastKnownFileType = sourcecode.c.objc; name = RouteViewController.m; path = UI/Route/RouteViewController.m; sourceTree = "<group>"; };
		A3B990A716D53AF900F614A4 /* RegionsViewController.h */ = {isa = PBXFileReference; fileEncoding = 4; lastKnownFileType = sourcecode.c.h; name = RegionsViewController.h; path = UI/Regions/RegionsViewController.h; sourceTree = "<group>"; };
		A3B990A816D53AF900F614A4 /* RegionsViewController.m */ = {isa = PBXFileReference; fileEncoding = 4; lastKnownFileType = sourcecode.c.objc; name = RegionsViewController.m; path = UI/Regions/RegionsViewController.m; sourceTree = "<group>"; };
		A3B990AB16D5462300F614A4 /* CamsViewController.h */ = {isa = PBXFileReference; fileEncoding = 4; lastKnownFileType = sourcecode.c.h; name = CamsViewController.h; path = Cams/CamsViewController.h; sourceTree = "<group>"; };
		A3B990AC16D5462300F614A4 /* CamsViewController.m */ = {isa = PBXFileReference; fileEncoding = 4; lastKnownFileType = sourcecode.c.objc; name = CamsViewController.m; path = Cams/CamsViewController.m; sourceTree = "<group>"; };
		A3B990AE16D546B700F614A4 /* CamsCollectionModel.h */ = {isa = PBXFileReference; fileEncoding = 4; lastKnownFileType = sourcecode.c.h; name = CamsCollectionModel.h; path = Cams/CamsCollectionModel.h; sourceTree = "<group>"; };
		A3B990AF16D546B700F614A4 /* CamsCollectionModel.m */ = {isa = PBXFileReference; fileEncoding = 4; lastKnownFileType = sourcecode.c.objc; name = CamsCollectionModel.m; path = Cams/CamsCollectionModel.m; sourceTree = "<group>"; };
		A3B990B116D549DE00F614A4 /* CamListingViewCell.xib */ = {isa = PBXFileReference; fileEncoding = 4; lastKnownFileType = file.xib; name = CamListingViewCell.xib; path = Cams/CamListingViewCell.xib; sourceTree = "<group>"; };
		A3B990B316D54A3900F614A4 /* CamListingViewCell.h */ = {isa = PBXFileReference; fileEncoding = 4; lastKnownFileType = sourcecode.c.h; name = CamListingViewCell.h; path = Cams/CamListingViewCell.h; sourceTree = "<group>"; };
		A3B990B416D54A3900F614A4 /* CamListingViewCell.m */ = {isa = PBXFileReference; fileEncoding = 4; lastKnownFileType = sourcecode.c.objc; name = CamListingViewCell.m; path = Cams/CamListingViewCell.m; sourceTree = "<group>"; };
/* End PBXFileReference section */

/* Begin PBXFrameworksBuildPhase section */
		A390C0FD16D48A4D00A2CF1B /* Frameworks */ = {
			isa = PBXFrameworksBuildPhase;
			buildActionMask = 2147483647;
			files = (
				A3B9907F16D5244600F614A4 /* Security.framework in Frameworks */,
				A3B9907D16D523DE00F614A4 /* CFNetwork.framework in Frameworks */,
				A3B9907B16D523D500F614A4 /* SystemConfiguration.framework in Frameworks */,
				A390C15316D49F8800A2CF1B /* QuartzCore.framework in Frameworks */,
				A390C10416D48A4D00A2CF1B /* UIKit.framework in Frameworks */,
				A390C10616D48A4D00A2CF1B /* Foundation.framework in Frameworks */,
				A390C10816D48A4D00A2CF1B /* CoreGraphics.framework in Frameworks */,
			);
			runOnlyForDeploymentPostprocessing = 0;
		};
/* End PBXFrameworksBuildPhase section */

/* Begin PBXGroup section */
		09A66EC716D4BDC9000851C0 /* Assets */ = {
			isa = PBXGroup;
			children = (
				A3B9908F16D52DA600F614A4 /* 74-location.png */,
				A3B9909016D52DA600F614A4 /* 74-location@2x.png */,
				A3B9908B16D52D6B00F614A4 /* 07-map-marker.png */,
				A3B9908C16D52D6B00F614A4 /* 07-map-marker@2x.png */,
				A3B9908716D52D4100F614A4 /* 55-network.png */,
				A3B9908816D52D4100F614A4 /* 55-network@2x.png */,
				09A66EC816D4BDC9000851C0 /* camera.jpeg */,
			);
			path = Assets;
			sourceTree = "<group>";
		};
		09A66ECA16D4E78E000851C0 /* IAInfiniteGridView */ = {
			isa = PBXGroup;
			children = (
				09A66ECB16D4E78E000851C0 /* IAInfiniteGridView.h */,
				09A66ECC16D4E78E000851C0 /* IAInfiniteGridView.m */,
			);
			name = IAInfiniteGridView;
			path = vendor/IAInfiniteGridView;
			sourceTree = "<group>";
		};
		A390C0F716D48A4D00A2CF1B = {
			isa = PBXGroup;
			children = (
				A390C10916D48A4D00A2CF1B /* RouteView */,
				A390C10216D48A4D00A2CF1B /* Frameworks */,
				A390C10116D48A4D00A2CF1B /* Products */,
				A390C15A16D4A25400A2CF1B /* Vendor */,
			);
			sourceTree = "<group>";
		};
		A390C10116D48A4D00A2CF1B /* Products */ = {
			isa = PBXGroup;
			children = (
				A390C10016D48A4D00A2CF1B /* RouteView.app */,
			);
			name = Products;
			sourceTree = "<group>";
		};
		A390C10216D48A4D00A2CF1B /* Frameworks */ = {
			isa = PBXGroup;
			children = (
				A3B9907C16D523DE00F614A4 /* CFNetwork.framework */,
				A390C10716D48A4D00A2CF1B /* CoreGraphics.framework */,
				A390C10516D48A4D00A2CF1B /* Foundation.framework */,
				A390C15216D49F8800A2CF1B /* QuartzCore.framework */,
				A3B9907E16D5244600F614A4 /* Security.framework */,
				A3B9907A16D523D500F614A4 /* SystemConfiguration.framework */,
				A390C10316D48A4D00A2CF1B /* UIKit.framework */,
			);
			name = Frameworks;
			sourceTree = "<group>";
		};
		A390C10916D48A4D00A2CF1B /* RouteView */ = {
			isa = PBXGroup;
			children = (
				A3B9908016D5267200F614A4 /* Remote */,
				09A66EC716D4BDC9000851C0 /* Assets */,
				A390C12016D4956700A2CF1B /* UI */,
				A390C11216D48A4D00A2CF1B /* AppDelegate.h */,
				A390C11316D48A4D00A2CF1B /* AppDelegate.m */,
				A390C10A16D48A4D00A2CF1B /* Supporting Files */,
				A3B9908416D5283C00F614A4 /* Constants.h */,
				A3B9908516D5283C00F614A4 /* Constants.m */,
			);
			path = RouteView;
			sourceTree = "<group>";
		};
		A390C10A16D48A4D00A2CF1B /* Supporting Files */ = {
			isa = PBXGroup;
			children = (
				A390C10B16D48A4D00A2CF1B /* RouteView-Info.plist */,
				A390C10C16D48A4D00A2CF1B /* InfoPlist.strings */,
				A390C10F16D48A4D00A2CF1B /* main.m */,
				A390C11116D48A4D00A2CF1B /* RouteView-Prefix.pch */,
				A390C11516D48A4D00A2CF1B /* Default.png */,
				A390C11716D48A4D00A2CF1B /* Default@2x.png */,
				A390C11916D48A4D00A2CF1B /* Default-568h@2x.png */,
			);
			name = "Supporting Files";
			sourceTree = "<group>";
		};
		A390C12016D4956700A2CF1B /* UI */ = {
			isa = PBXGroup;
			children = (
				A390C12616D49C6E00A2CF1B /* Main.storyboard */,
				A3B990AA16D5461300F614A4 /* Cams */,
				A3B9909316D52EE200F614A4 /* Regions */,
				A3B990A316D5387D00F614A4 /* Route */,
				A390C15416D4A01400A2CF1B /* NavigationBackgroundLayer.h */,
				A390C15516D4A01400A2CF1B /* NavigationBackgroundLayer.m */,
				A390C15616D4A01400A2CF1B /* NavigationSelectionView.h */,
				A390C15716D4A01400A2CF1B /* NavigationSelectionView.m */,
				A390C14F16D49EEB00A2CF1B /* NavigationTabItem.h */,
				A390C15016D49EEB00A2CF1B /* NavigationTabItem.m */,
				A390C12816D49D8D00A2CF1B /* MainNavigationViewController.h */,
				A390C12916D49D8D00A2CF1B /* MainNavigationViewController.m */,
				09A66EBF16D4B205000851C0 /* TrafficCamPickerViewController.h */,
				09A66EC016D4B205000851C0 /* TrafficCamPickerViewController.m */,
			);
			name = UI;
			sourceTree = "<group>";
		};
		A390C12D16D49E4900A2CF1B /* JMTabView */ = {
			isa = PBXGroup;
			children = (
				A390C12E16D49E4900A2CF1B /* Classes */,
				A390C14516D49E4900A2CF1B /* JMTabView-Prefix.pch */,
			);
			name = JMTabView;
			path = vendor/JMTabView/JMTabView;
			sourceTree = "<group>";
		};
		A390C12E16D49E4900A2CF1B /* Classes */ = {
			isa = PBXGroup;
			children = (
				A390C12F16D49E4900A2CF1B /* Categories */,
				A390C13816D49E4900A2CF1B /* Subviews */,
			);
			path = Classes;
			sourceTree = "<group>";
		};
		A390C12F16D49E4900A2CF1B /* Categories */ = {
			isa = PBXGroup;
			children = (
				A390C13016D49E4900A2CF1B /* UIColor+Hex.h */,
				A390C13116D49E4900A2CF1B /* UIColor+Hex.m */,
				A390C13216D49E4900A2CF1B /* UIView+InnerShadow.h */,
				A390C13316D49E4900A2CF1B /* UIView+InnerShadow.m */,
				A390C13416D49E4900A2CF1B /* UIView+Positioning.h */,
				A390C13516D49E4900A2CF1B /* UIView+Positioning.m */,
				A390C13616D49E4900A2CF1B /* UIView+Size.h */,
				A390C13716D49E4900A2CF1B /* UIView+Size.m */,
			);
			path = Categories;
			sourceTree = "<group>";
		};
		A390C13816D49E4900A2CF1B /* Subviews */ = {
			isa = PBXGroup;
			children = (
				A390C13916D49E4900A2CF1B /* JMSelectionView.h */,
				A390C13A16D49E4900A2CF1B /* JMSelectionView.m */,
				A390C13B16D49E4900A2CF1B /* JMTabConstants.h */,
				A390C13C16D49E4900A2CF1B /* JMTabContainer.h */,
				A390C13D16D49E4900A2CF1B /* JMTabContainer.m */,
				A390C13E16D49E4900A2CF1B /* JMTabItem.h */,
				A390C13F16D49E4900A2CF1B /* JMTabItem.m */,
				A390C14016D49E4900A2CF1B /* JMTabView.h */,
				A390C14116D49E4900A2CF1B /* JMTabView.m */,
				A390C14216D49E4900A2CF1B /* Layers */,
			);
			path = Subviews;
			sourceTree = "<group>";
		};
		A390C14216D49E4900A2CF1B /* Layers */ = {
			isa = PBXGroup;
			children = (
				A390C14316D49E4900A2CF1B /* BarBackgroundLayer.h */,
				A390C14416D49E4900A2CF1B /* BarBackgroundLayer.m */,
			);
			path = Layers;
			sourceTree = "<group>";
		};
		A390C15A16D4A25400A2CF1B /* Vendor */ = {
			isa = PBXGroup;
			children = (
				A3B9909716D5385300F614A4 /* NiftySearchView */,
				A3B9905816D5229800F614A4 /* MKNetworkKit */,
				09A66ECA16D4E78E000851C0 /* IAInfiniteGridView */,
				A390C12D16D49E4900A2CF1B /* JMTabView */,
			);
			name = Vendor;
			sourceTree = "<group>";
		};
		A3B9905816D5229800F614A4 /* MKNetworkKit */ = {
			isa = PBXGroup;
			children = (
				A3B9905916D5229800F614A4 /* Categories */,
				A3B9906816D5229800F614A4 /* MKNetworkEngine.h */,
				A3B9906916D5229800F614A4 /* MKNetworkEngine.m */,
				A3B9906A16D5229800F614A4 /* MKNetworkKit.h */,
				A3B9906B16D5229800F614A4 /* MKNetworkOperation.h */,
				A3B9906C16D5229800F614A4 /* MKNetworkOperation.m */,
				A3B9906D16D5229800F614A4 /* Reachability */,
			);
			name = MKNetworkKit;
			path = vendor/MKNetworkKit/MKNetworkKit;
			sourceTree = "<group>";
		};
		A3B9905916D5229800F614A4 /* Categories */ = {
			isa = PBXGroup;
			children = (
				A3B9905C16D5229800F614A4 /* NSData+MKBase64.h */,
				A3B9905D16D5229800F614A4 /* NSData+MKBase64.m */,
				A3B9905E16D5229800F614A4 /* NSDate+RFC1123.h */,
				A3B9905F16D5229800F614A4 /* NSDate+RFC1123.m */,
				A3B9906016D5229800F614A4 /* NSDictionary+RequestEncoding.h */,
				A3B9906116D5229800F614A4 /* NSDictionary+RequestEncoding.m */,
				A3B9906216D5229800F614A4 /* NSString+MKNetworkKitAdditions.h */,
				A3B9906316D5229800F614A4 /* NSString+MKNetworkKitAdditions.m */,
				A3B9906416D5229800F614A4 /* UIAlertView+MKNetworkKitAdditions.h */,
				A3B9906516D5229800F614A4 /* UIAlertView+MKNetworkKitAdditions.m */,
			);
			path = Categories;
			sourceTree = "<group>";
		};
		A3B9906D16D5229800F614A4 /* Reachability */ = {
			isa = PBXGroup;
			children = (
				A3B9906E16D5229800F614A4 /* Reachability.h */,
				A3B9906F16D5229800F614A4 /* Reachability.m */,
			);
			path = Reachability;
			sourceTree = "<group>";
		};
		A3B9908016D5267200F614A4 /* Remote */ = {
			isa = PBXGroup;
			children = (
				A3B9908116D5269500F614A4 /* RouteViewRemote.h */,
				A3B9908216D5269500F614A4 /* RouteViewRemote.m */,
			);
			name = Remote;
			sourceTree = "<group>";
		};
		A3B9909316D52EE200F614A4 /* Regions */ = {
			isa = PBXGroup;
			children = (
				A3B990A716D53AF900F614A4 /* RegionsViewController.h */,
				A3B990A816D53AF900F614A4 /* RegionsViewController.m */,
				A3B9909416D52F1100F614A4 /* RegionsTableModel.h */,
				A3B9909516D52F1100F614A4 /* RegionsTableModel.m */,
			);
			name = Regions;
			sourceTree = "<group>";
		};
		A3B9909716D5385300F614A4 /* NiftySearchView */ = {
			isa = PBXGroup;
			children = (
				A3B9909816D5385300F614A4 /* NiftySearchView.h */,
				A3B9909916D5385300F614A4 /* NiftySearchView.m */,
				A3B9909A16D5385300F614A4 /* UISearchBarBookmarks.png */,
				A3B9909B16D5385300F614A4 /* UISearchBarBookmarks@2x.png */,
				A3B9909C16D5385300F614A4 /* UISearchBarBookmarksPressed.png */,
				A3B9909D16D5385300F614A4 /* UISearchBarBookmarksPressed@2x.png */,
			);
			name = NiftySearchView;
			path = vendor/NiftySearchView;
			sourceTree = "<group>";
		};
		A3B990A316D5387D00F614A4 /* Route */ = {
			isa = PBXGroup;
			children = (
				A3B990A416D5389E00F614A4 /* RouteViewController.h */,
				A3B990A516D5389E00F614A4 /* RouteViewController.m */,
			);
			name = Route;
			sourceTree = "<group>";
		};
		A3B990AA16D5461300F614A4 /* Cams */ = {
			isa = PBXGroup;
			children = (
				A3B990AB16D5462300F614A4 /* CamsViewController.h */,
				A3B990AC16D5462300F614A4 /* CamsViewController.m */,
				A3B990AE16D546B700F614A4 /* CamsCollectionModel.h */,
				A3B990AF16D546B700F614A4 /* CamsCollectionModel.m */,
				A3B990B116D549DE00F614A4 /* CamListingViewCell.xib */,
				A3B990B316D54A3900F614A4 /* CamListingViewCell.h */,
				A3B990B416D54A3900F614A4 /* CamListingViewCell.m */,
			);
			name = Cams;
			sourceTree = "<group>";
		};
/* End PBXGroup section */

/* Begin PBXNativeTarget section */
		A390C0FF16D48A4D00A2CF1B /* RouteView */ = {
			isa = PBXNativeTarget;
			buildConfigurationList = A390C11D16D48A4D00A2CF1B /* Build configuration list for PBXNativeTarget "RouteView" */;
			buildPhases = (
				A390C0FC16D48A4D00A2CF1B /* Sources */,
				A390C0FD16D48A4D00A2CF1B /* Frameworks */,
				A390C0FE16D48A4D00A2CF1B /* Resources */,
			);
			buildRules = (
			);
			dependencies = (
			);
			name = RouteView;
			productName = RouteView;
			productReference = A390C10016D48A4D00A2CF1B /* RouteView.app */;
			productType = "com.apple.product-type.application";
		};
/* End PBXNativeTarget section */

/* Begin PBXProject section */
		A390C0F816D48A4D00A2CF1B /* Project object */ = {
			isa = PBXProject;
			attributes = {
				LastUpgradeCheck = 0460;
				ORGANIZATIONNAME = Slickage;
			};
			buildConfigurationList = A390C0FB16D48A4D00A2CF1B /* Build configuration list for PBXProject "RouteView" */;
			compatibilityVersion = "Xcode 3.2";
			developmentRegion = English;
			hasScannedForEncodings = 0;
			knownRegions = (
				en,
			);
			mainGroup = A390C0F716D48A4D00A2CF1B;
			productRefGroup = A390C10116D48A4D00A2CF1B /* Products */;
			projectDirPath = "";
			projectRoot = "";
			targets = (
				A390C0FF16D48A4D00A2CF1B /* RouteView */,
			);
		};
/* End PBXProject section */

/* Begin PBXResourcesBuildPhase section */
		A390C0FE16D48A4D00A2CF1B /* Resources */ = {
			isa = PBXResourcesBuildPhase;
			buildActionMask = 2147483647;
			files = (
				A390C10E16D48A4D00A2CF1B /* InfoPlist.strings in Resources */,
				A390C11616D48A4D00A2CF1B /* Default.png in Resources */,
				A390C11816D48A4D00A2CF1B /* Default@2x.png in Resources */,
				A390C11A16D48A4D00A2CF1B /* Default-568h@2x.png in Resources */,
				A390C12716D49C6E00A2CF1B /* Main.storyboard in Resources */,
				09A66EC916D4BDC9000851C0 /* camera.jpeg in Resources */,
				A3B9908916D52D4100F614A4 /* 55-network.png in Resources */,
				A3B9908A16D52D4100F614A4 /* 55-network@2x.png in Resources */,
				A3B9908D16D52D6B00F614A4 /* 07-map-marker.png in Resources */,
				A3B9908E16D52D6B00F614A4 /* 07-map-marker@2x.png in Resources */,
				A3B9909116D52DA600F614A4 /* 74-location.png in Resources */,
				A3B9909216D52DA600F614A4 /* 74-location@2x.png in Resources */,
				A3B9909F16D5385300F614A4 /* UISearchBarBookmarks.png in Resources */,
				A3B990A016D5385300F614A4 /* UISearchBarBookmarks@2x.png in Resources */,
				A3B990A116D5385300F614A4 /* UISearchBarBookmarksPressed.png in Resources */,
				A3B990A216D5385300F614A4 /* UISearchBarBookmarksPressed@2x.png in Resources */,
				A3B990B216D549DE00F614A4 /* CamListingViewCell.xib in Resources */,
			);
			runOnlyForDeploymentPostprocessing = 0;
		};
/* End PBXResourcesBuildPhase section */

/* Begin PBXSourcesBuildPhase section */
		A390C0FC16D48A4D00A2CF1B /* Sources */ = {
			isa = PBXSourcesBuildPhase;
			buildActionMask = 2147483647;
			files = (
				A390C11016D48A4D00A2CF1B /* main.m in Sources */,
				A390C11416D48A4D00A2CF1B /* AppDelegate.m in Sources */,
				A390C12A16D49D8D00A2CF1B /* MainNavigationViewController.m in Sources */,
				A390C14616D49E4900A2CF1B /* UIColor+Hex.m in Sources */,
				A390C14716D49E4900A2CF1B /* UIView+InnerShadow.m in Sources */,
				A390C14816D49E4900A2CF1B /* UIView+Positioning.m in Sources */,
				A390C14916D49E4900A2CF1B /* UIView+Size.m in Sources */,
				A390C14A16D49E4900A2CF1B /* JMSelectionView.m in Sources */,
				A390C14B16D49E4900A2CF1B /* JMTabContainer.m in Sources */,
				A390C14C16D49E4900A2CF1B /* JMTabItem.m in Sources */,
				A390C14D16D49E4900A2CF1B /* JMTabView.m in Sources */,
				A390C14E16D49E4900A2CF1B /* BarBackgroundLayer.m in Sources */,
				A390C15116D49EEB00A2CF1B /* NavigationTabItem.m in Sources */,
				A390C15816D4A01400A2CF1B /* NavigationBackgroundLayer.m in Sources */,
				A390C15916D4A01400A2CF1B /* NavigationSelectionView.m in Sources */,
				09A66EC116D4B205000851C0 /* TrafficCamPickerViewController.m in Sources */,
				09A66ECD16D4E78E000851C0 /* IAInfiniteGridView.m in Sources */,
				A3B9907116D5229800F614A4 /* NSData+MKBase64.m in Sources */,
				A3B9907216D5229800F614A4 /* NSDate+RFC1123.m in Sources */,
				A3B9907316D5229800F614A4 /* NSDictionary+RequestEncoding.m in Sources */,
				A3B9907416D5229800F614A4 /* NSString+MKNetworkKitAdditions.m in Sources */,
				A3B9907516D5229800F614A4 /* UIAlertView+MKNetworkKitAdditions.m in Sources */,
				A3B9907716D5229800F614A4 /* MKNetworkEngine.m in Sources */,
				A3B9907816D5229800F614A4 /* MKNetworkOperation.m in Sources */,
				A3B9907916D5229800F614A4 /* Reachability.m in Sources */,
				A3B9908316D5269500F614A4 /* RouteViewRemote.m in Sources */,
				A3B9908616D5283C00F614A4 /* Constants.m in Sources */,
				A3B9909616D52F1100F614A4 /* RegionsTableModel.m in Sources */,
				A3B9909E16D5385300F614A4 /* NiftySearchView.m in Sources */,
				A3B990A616D5389E00F614A4 /* RouteViewController.m in Sources */,
				A3B990A916D53AF900F614A4 /* RegionsViewController.m in Sources */,
				A3B990AD16D5462300F614A4 /* CamsViewController.m in Sources */,
				A3B990B016D546B700F614A4 /* CamsCollectionModel.m in Sources */,
				A3B990B516D54A3A00F614A4 /* CamListingViewCell.m in Sources */,
			);
			runOnlyForDeploymentPostprocessing = 0;
		};
/* End PBXSourcesBuildPhase section */

/* Begin PBXVariantGroup section */
		A390C10C16D48A4D00A2CF1B /* InfoPlist.strings */ = {
			isa = PBXVariantGroup;
			children = (
				A390C10D16D48A4D00A2CF1B /* en */,
			);
			name = InfoPlist.strings;
			sourceTree = "<group>";
		};
/* End PBXVariantGroup section */

/* Begin XCBuildConfiguration section */
		A390C11B16D48A4D00A2CF1B /* Debug */ = {
			isa = XCBuildConfiguration;
			buildSettings = {
				ALWAYS_SEARCH_USER_PATHS = NO;
				CLANG_CXX_LANGUAGE_STANDARD = "gnu++0x";
				CLANG_CXX_LIBRARY = "libc++";
				CLANG_ENABLE_OBJC_ARC = YES;
				CLANG_WARN_CONSTANT_CONVERSION = YES;
				CLANG_WARN_EMPTY_BODY = YES;
				CLANG_WARN_ENUM_CONVERSION = YES;
				CLANG_WARN_INT_CONVERSION = YES;
				CLANG_WARN__DUPLICATE_METHOD_MATCH = YES;
				"CODE_SIGN_IDENTITY[sdk=iphoneos*]" = "iPhone Developer";
				COPY_PHASE_STRIP = NO;
				GCC_C_LANGUAGE_STANDARD = gnu99;
				GCC_DYNAMIC_NO_PIC = NO;
				GCC_OPTIMIZATION_LEVEL = 0;
				GCC_PREPROCESSOR_DEFINITIONS = (
					"DEBUG=1",
					"$(inherited)",
				);
				GCC_SYMBOLS_PRIVATE_EXTERN = NO;
				GCC_WARN_ABOUT_RETURN_TYPE = YES;
				GCC_WARN_UNINITIALIZED_AUTOS = YES;
				GCC_WARN_UNUSED_VARIABLE = YES;
				IPHONEOS_DEPLOYMENT_TARGET = 6.1;
				ONLY_ACTIVE_ARCH = YES;
				SDKROOT = iphoneos;
				TARGETED_DEVICE_FAMILY = "1,2";
			};
			name = Debug;
		};
		A390C11C16D48A4D00A2CF1B /* Release */ = {
			isa = XCBuildConfiguration;
			buildSettings = {
				ALWAYS_SEARCH_USER_PATHS = NO;
				CLANG_CXX_LANGUAGE_STANDARD = "gnu++0x";
				CLANG_CXX_LIBRARY = "libc++";
				CLANG_ENABLE_OBJC_ARC = YES;
				CLANG_WARN_CONSTANT_CONVERSION = YES;
				CLANG_WARN_EMPTY_BODY = YES;
				CLANG_WARN_ENUM_CONVERSION = YES;
				CLANG_WARN_INT_CONVERSION = YES;
				CLANG_WARN__DUPLICATE_METHOD_MATCH = YES;
				"CODE_SIGN_IDENTITY[sdk=iphoneos*]" = "iPhone Developer";
				COPY_PHASE_STRIP = YES;
				GCC_C_LANGUAGE_STANDARD = gnu99;
				GCC_WARN_ABOUT_RETURN_TYPE = YES;
				GCC_WARN_UNINITIALIZED_AUTOS = YES;
				GCC_WARN_UNUSED_VARIABLE = YES;
				IPHONEOS_DEPLOYMENT_TARGET = 6.1;
				OTHER_CFLAGS = "-DNS_BLOCK_ASSERTIONS=1";
				SDKROOT = iphoneos;
				TARGETED_DEVICE_FAMILY = "1,2";
				VALIDATE_PRODUCT = YES;
			};
			name = Release;
		};
		A390C11E16D48A4D00A2CF1B /* Debug */ = {
			isa = XCBuildConfiguration;
			buildSettings = {
				GCC_PRECOMPILE_PREFIX_HEADER = YES;
				GCC_PREFIX_HEADER = "RouteView/RouteView-Prefix.pch";
				INFOPLIST_FILE = "RouteView/RouteView-Info.plist";
				PRODUCT_NAME = "$(TARGET_NAME)";
				WRAPPER_EXTENSION = app;
			};
			name = Debug;
		};
		A390C11F16D48A4D00A2CF1B /* Release */ = {
			isa = XCBuildConfiguration;
			buildSettings = {
				GCC_PRECOMPILE_PREFIX_HEADER = YES;
				GCC_PREFIX_HEADER = "RouteView/RouteView-Prefix.pch";
				INFOPLIST_FILE = "RouteView/RouteView-Info.plist";
				PRODUCT_NAME = "$(TARGET_NAME)";
				WRAPPER_EXTENSION = app;
			};
			name = Release;
		};
/* End XCBuildConfiguration section */

/* Begin XCConfigurationList section */
		A390C0FB16D48A4D00A2CF1B /* Build configuration list for PBXProject "RouteView" */ = {
			isa = XCConfigurationList;
			buildConfigurations = (
				A390C11B16D48A4D00A2CF1B /* Debug */,
				A390C11C16D48A4D00A2CF1B /* Release */,
			);
			defaultConfigurationIsVisible = 0;
			defaultConfigurationName = Release;
		};
		A390C11D16D48A4D00A2CF1B /* Build configuration list for PBXNativeTarget "RouteView" */ = {
			isa = XCConfigurationList;
			buildConfigurations = (
				A390C11E16D48A4D00A2CF1B /* Debug */,
				A390C11F16D48A4D00A2CF1B /* Release */,
			);
			defaultConfigurationIsVisible = 0;
			defaultConfigurationName = Release;
		};
/* End XCConfigurationList section */
	};
	rootObject = A390C0F816D48A4D00A2CF1B /* Project object */;
}
